
Microsoft Visual Studio Solution File, Format Version 12.00
# Visual Studio 14
VisualStudioVersion = 14.0.25420.1
MinimumVisualStudioVersion = 10.0.40219.1
Project("{2150E333-8FDC-42A3-9474-1A3956D46DE8}") = "Shared", "Shared", "{A283E985-90DF-4EC5-A648-36BDD12FBAB7}"
EndProject
Project("{2150E333-8FDC-42A3-9474-1A3956D46DE8}") = "Targets", "Targets", "{B7BD1861-1A1D-4CDE-9B84-90FB49E7E9D3}"
EndProject
Project("{D954291E-2A0B-460D-934E-DC6B0785DB48}") = "FavMovies.DataObjects", "FavMovies.DataObjects\FavMovies.DataObjects.shproj", "{7BAEDD91-7375-4D1A-97AA-B21F1B741DDE}"
EndProject
Project("{FAE04EC0-301F-11D3-BF4B-00C04F79EFBC}") = "FavMovies.Clients.Portable", "FavMovies.Clients.Portable\FavMovies.Clients.Portable.csproj", "{67F9D3A8-F71E-4428-913F-C37AE82CDB24}"
EndProject
Project("{FAE04EC0-301F-11D3-BF4B-00C04F79EFBC}") = "FavMovies.Clients.UI", "FavMovies.Clients.UI\FavMovies.Clients.UI.csproj", "{528A80BE-3481-4E86-BB7D-85977E6435CC}"
EndProject
Project("{FAE04EC0-301F-11D3-BF4B-00C04F79EFBC}") = "FavMovies.Utilities", "FavMovies.Utilities\FavMovies.Utilities.csproj", "{775FA044-832D-4031-8ABD-2BC6137ADC6E}"
EndProject
Project("{FAE04EC0-301F-11D3-BF4B-00C04F79EFBC}") = "FavMovies.Android", "FavMovies.Android\FavMovies.Android.csproj", "{7D4B4F73-368F-49AE-803D-C053B9DD3C7C}"
EndProject
Project("{FAE04EC0-301F-11D3-BF4B-00C04F79EFBC}") = "FavMovies.iOS", "FavMovies.iOS\FavMovies.iOS.csproj", "{93C63DF4-A715-452D-8FBB-66587374E592}"
EndProject
Project("{2150E333-8FDC-42A3-9474-1A3956D46DE8}") = "Data", "Data", "{936315DA-6C3F-48E0-A8C0-8D1DFF3468B9}"
EndProject
Project("{FAE04EC0-301F-11D3-BF4B-00C04F79EFBC}") = "FavMovies.DataStore.Cloud", "FavMovies.DataStore.Cloud\FavMovies.DataStore.Cloud.csproj", "{5087B261-9D0F-457D-AD9E-B018248F1B16}"
EndProject
Project("{FAE04EC0-301F-11D3-BF4B-00C04F79EFBC}") = "FavMovies.DataStore.Mock", "FavMovies.DataStore.Mock\FavMovies.DataStore.Mock.csproj", "{4DF18ED7-0E19-4866-8D9B-B1CB5C86A366}"
EndProject
Project("{FAE04EC0-301F-11D3-BF4B-00C04F79EFBC}") = "FavMovies.DataStore.Abstractions", "FavMovies.DataStore.Abstractions\FavMovies.DataStore.Abstractions.csproj", "{50542AC8-CD37-4E51-B946-B85049D6EC11}"
EndProject
Project("{2150E333-8FDC-42A3-9474-1A3956D46DE8}") = "Documents", "Documents", "{4D16EEF3-1463-4D40-A06F-AD0B175CAA06}"
	ProjectSection(SolutionItems) = preProject
		Documents\TAD.docx = Documents\TAD.docx
	EndProjectSection
EndProject
Global
	GlobalSection(SharedMSBuildProjectFiles) = preSolution
		FavMovies.DataObjects\FavMovies.DataObjects.projitems*{50542ac8-cd37-4e51-b946-b85049d6ec11}*SharedItemsImports = 4
		FavMovies.DataObjects\FavMovies.DataObjects.projitems*{7baedd91-7375-4d1a-97aa-b21f1b741dde}*SharedItemsImports = 13
	EndGlobalSection
	GlobalSection(SolutionConfigurationPlatforms) = preSolution
		Ad-Hoc|Any CPU = Ad-Hoc|Any CPU
		Ad-Hoc|iPhone = Ad-Hoc|iPhone
		Ad-Hoc|iPhoneSimulator = Ad-Hoc|iPhoneSimulator
		AppStore|Any CPU = AppStore|Any CPU
		AppStore|iPhone = AppStore|iPhone
		AppStore|iPhoneSimulator = AppStore|iPhoneSimulator
		Debug|Any CPU = Debug|Any CPU
		Debug|iPhone = Debug|iPhone
		Debug|iPhoneSimulator = Debug|iPhoneSimulator
		Release|Any CPU = Release|Any CPU
		Release|iPhone = Release|iPhone
		Release|iPhoneSimulator = Release|iPhoneSimulator
		UITest|Any CPU = UITest|Any CPU
		UITest|iPhone = UITest|iPhone
		UITest|iPhoneSimulator = UITest|iPhoneSimulator
	EndGlobalSection
	GlobalSection(ProjectConfigurationPlatforms) = postSolution
		{67F9D3A8-F71E-4428-913F-C37AE82CDB24}.Ad-Hoc|Any CPU.ActiveCfg = Debug|Any CPU
		{67F9D3A8-F71E-4428-913F-C37AE82CDB24}.Ad-Hoc|Any CPU.Build.0 = Debug|Any CPU
		{67F9D3A8-F71E-4428-913F-C37AE82CDB24}.Ad-Hoc|iPhone.ActiveCfg = Debug|Any CPU
		{67F9D3A8-F71E-4428-913F-C37AE82CDB24}.Ad-Hoc|iPhone.Build.0 = Debug|Any CPU
		{67F9D3A8-F71E-4428-913F-C37AE82CDB24}.Ad-Hoc|iPhoneSimulator.ActiveCfg = Debug|Any CPU
		{67F9D3A8-F71E-4428-913F-C37AE82CDB24}.Ad-Hoc|iPhoneSimulator.Build.0 = Debug|Any CPU
		{67F9D3A8-F71E-4428-913F-C37AE82CDB24}.AppStore|Any CPU.ActiveCfg = Debug|Any CPU
		{67F9D3A8-F71E-4428-913F-C37AE82CDB24}.AppStore|Any CPU.Build.0 = Debug|Any CPU
		{67F9D3A8-F71E-4428-913F-C37AE82CDB24}.AppStore|iPhone.ActiveCfg = Debug|Any CPU
		{67F9D3A8-F71E-4428-913F-C37AE82CDB24}.AppStore|iPhone.Build.0 = Debug|Any CPU
		{67F9D3A8-F71E-4428-913F-C37AE82CDB24}.AppStore|iPhoneSimulator.ActiveCfg = Debug|Any CPU
		{67F9D3A8-F71E-4428-913F-C37AE82CDB24}.AppStore|iPhoneSimulator.Build.0 = Debug|Any CPU
		{67F9D3A8-F71E-4428-913F-C37AE82CDB24}.Debug|Any CPU.ActiveCfg = Debug|Any CPU
		{67F9D3A8-F71E-4428-913F-C37AE82CDB24}.Debug|Any CPU.Build.0 = Debug|Any CPU
		{67F9D3A8-F71E-4428-913F-C37AE82CDB24}.Debug|iPhone.ActiveCfg = Debug|Any CPU
		{67F9D3A8-F71E-4428-913F-C37AE82CDB24}.Debug|iPhone.Build.0 = Debug|Any CPU
		{67F9D3A8-F71E-4428-913F-C37AE82CDB24}.Debug|iPhoneSimulator.ActiveCfg = Debug|Any CPU
		{67F9D3A8-F71E-4428-913F-C37AE82CDB24}.Debug|iPhoneSimulator.Build.0 = Debug|Any CPU
		{67F9D3A8-F71E-4428-913F-C37AE82CDB24}.Release|Any CPU.ActiveCfg = Debug|Any CPU
		{67F9D3A8-F71E-4428-913F-C37AE82CDB24}.Release|Any CPU.Build.0 = Debug|Any CPU
		{67F9D3A8-F71E-4428-913F-C37AE82CDB24}.Release|iPhone.ActiveCfg = Debug|Any CPU
		{67F9D3A8-F71E-4428-913F-C37AE82CDB24}.Release|iPhone.Build.0 = Debug|Any CPU
		{67F9D3A8-F71E-4428-913F-C37AE82CDB24}.Release|iPhoneSimulator.ActiveCfg = Debug|Any CPU
		{67F9D3A8-F71E-4428-913F-C37AE82CDB24}.Release|iPhoneSimulator.Build.0 = Debug|Any CPU
		{67F9D3A8-F71E-4428-913F-C37AE82CDB24}.UITest|Any CPU.ActiveCfg = Debug|Any CPU
		{67F9D3A8-F71E-4428-913F-C37AE82CDB24}.UITest|Any CPU.Build.0 = Debug|Any CPU
		{67F9D3A8-F71E-4428-913F-C37AE82CDB24}.UITest|iPhone.ActiveCfg = Debug|Any CPU
		{67F9D3A8-F71E-4428-913F-C37AE82CDB24}.UITest|iPhone.Build.0 = Debug|Any CPU
		{67F9D3A8-F71E-4428-913F-C37AE82CDB24}.UITest|iPhoneSimulator.ActiveCfg = Debug|Any CPU
		{67F9D3A8-F71E-4428-913F-C37AE82CDB24}.UITest|iPhoneSimulator.Build.0 = Debug|Any CPU
		{528A80BE-3481-4E86-BB7D-85977E6435CC}.Ad-Hoc|Any CPU.ActiveCfg = Release|Any CPU
		{528A80BE-3481-4E86-BB7D-85977E6435CC}.Ad-Hoc|Any CPU.Build.0 = Release|Any CPU
		{528A80BE-3481-4E86-BB7D-85977E6435CC}.Ad-Hoc|iPhone.ActiveCfg = Release|Any CPU
		{528A80BE-3481-4E86-BB7D-85977E6435CC}.Ad-Hoc|iPhone.Build.0 = Release|Any CPU
		{528A80BE-3481-4E86-BB7D-85977E6435CC}.Ad-Hoc|iPhoneSimulator.ActiveCfg = Release|Any CPU
		{528A80BE-3481-4E86-BB7D-85977E6435CC}.Ad-Hoc|iPhoneSimulator.Build.0 = Release|Any CPU
		{528A80BE-3481-4E86-BB7D-85977E6435CC}.AppStore|Any CPU.ActiveCfg = Release|Any CPU
		{528A80BE-3481-4E86-BB7D-85977E6435CC}.AppStore|Any CPU.Build.0 = Release|Any CPU
		{528A80BE-3481-4E86-BB7D-85977E6435CC}.AppStore|iPhone.ActiveCfg = Release|Any CPU
		{528A80BE-3481-4E86-BB7D-85977E6435CC}.AppStore|iPhone.Build.0 = Release|Any CPU
		{528A80BE-3481-4E86-BB7D-85977E6435CC}.AppStore|iPhoneSimulator.ActiveCfg = Release|Any CPU
		{528A80BE-3481-4E86-BB7D-85977E6435CC}.AppStore|iPhoneSimulator.Build.0 = Release|Any CPU
		{528A80BE-3481-4E86-BB7D-85977E6435CC}.Debug|Any CPU.ActiveCfg = Debug|Any CPU
		{528A80BE-3481-4E86-BB7D-85977E6435CC}.Debug|Any CPU.Build.0 = Debug|Any CPU
		{528A80BE-3481-4E86-BB7D-85977E6435CC}.Debug|iPhone.ActiveCfg = Debug|Any CPU
		{528A80BE-3481-4E86-BB7D-85977E6435CC}.Debug|iPhone.Build.0 = Debug|Any CPU
		{528A80BE-3481-4E86-BB7D-85977E6435CC}.Debug|iPhoneSimulator.ActiveCfg = Debug|Any CPU
		{528A80BE-3481-4E86-BB7D-85977E6435CC}.Debug|iPhoneSimulator.Build.0 = Debug|Any CPU
		{528A80BE-3481-4E86-BB7D-85977E6435CC}.Release|Any CPU.ActiveCfg = Release|Any CPU
		{528A80BE-3481-4E86-BB7D-85977E6435CC}.Release|Any CPU.Build.0 = Release|Any CPU
		{528A80BE-3481-4E86-BB7D-85977E6435CC}.Release|iPhone.ActiveCfg = Release|Any CPU
		{528A80BE-3481-4E86-BB7D-85977E6435CC}.Release|iPhone.Build.0 = Release|Any CPU
		{528A80BE-3481-4E86-BB7D-85977E6435CC}.Release|iPhoneSimulator.ActiveCfg = Release|Any CPU
		{528A80BE-3481-4E86-BB7D-85977E6435CC}.Release|iPhoneSimulator.Build.0 = Release|Any CPU
		{528A80BE-3481-4E86-BB7D-85977E6435CC}.UITest|Any CPU.ActiveCfg = Debug|Any CPU
		{528A80BE-3481-4E86-BB7D-85977E6435CC}.UITest|Any CPU.Build.0 = Debug|Any CPU
		{528A80BE-3481-4E86-BB7D-85977E6435CC}.UITest|iPhone.ActiveCfg = Debug|Any CPU
		{528A80BE-3481-4E86-BB7D-85977E6435CC}.UITest|iPhone.Build.0 = Debug|Any CPU
		{528A80BE-3481-4E86-BB7D-85977E6435CC}.UITest|iPhoneSimulator.ActiveCfg = Debug|Any CPU
		{528A80BE-3481-4E86-BB7D-85977E6435CC}.UITest|iPhoneSimulator.Build.0 = Debug|Any CPU
		{775FA044-832D-4031-8ABD-2BC6137ADC6E}.Ad-Hoc|Any CPU.ActiveCfg = Release|Any CPU
		{775FA044-832D-4031-8ABD-2BC6137ADC6E}.Ad-Hoc|Any CPU.Build.0 = Release|Any CPU
		{775FA044-832D-4031-8ABD-2BC6137ADC6E}.Ad-Hoc|iPhone.ActiveCfg = Release|Any CPU
		{775FA044-832D-4031-8ABD-2BC6137ADC6E}.Ad-Hoc|iPhone.Build.0 = Release|Any CPU
		{775FA044-832D-4031-8ABD-2BC6137ADC6E}.Ad-Hoc|iPhoneSimulator.ActiveCfg = Release|Any CPU
		{775FA044-832D-4031-8ABD-2BC6137ADC6E}.Ad-Hoc|iPhoneSimulator.Build.0 = Release|Any CPU
		{775FA044-832D-4031-8ABD-2BC6137ADC6E}.AppStore|Any CPU.ActiveCfg = Release|Any CPU
		{775FA044-832D-4031-8ABD-2BC6137ADC6E}.AppStore|Any CPU.Build.0 = Release|Any CPU
		{775FA044-832D-4031-8ABD-2BC6137ADC6E}.AppStore|iPhone.ActiveCfg = Release|Any CPU
		{775FA044-832D-4031-8ABD-2BC6137ADC6E}.AppStore|iPhone.Build.0 = Release|Any CPU
		{775FA044-832D-4031-8ABD-2BC6137ADC6E}.AppStore|iPhoneSimulator.ActiveCfg = Release|Any CPU
		{775FA044-832D-4031-8ABD-2BC6137ADC6E}.AppStore|iPhoneSimulator.Build.0 = Release|Any CPU
		{775FA044-832D-4031-8ABD-2BC6137ADC6E}.Debug|Any CPU.ActiveCfg = Debug|Any CPU
		{775FA044-832D-4031-8ABD-2BC6137ADC6E}.Debug|Any CPU.Build.0 = Debug|Any CPU
		{775FA044-832D-4031-8ABD-2BC6137ADC6E}.Debug|iPhone.ActiveCfg = Debug|Any CPU
		{775FA044-832D-4031-8ABD-2BC6137ADC6E}.Debug|iPhone.Build.0 = Debug|Any CPU
		{775FA044-832D-4031-8ABD-2BC6137ADC6E}.Debug|iPhoneSimulator.ActiveCfg = Debug|Any CPU
		{775FA044-832D-4031-8ABD-2BC6137ADC6E}.Debug|iPhoneSimulator.Build.0 = Debug|Any CPU
		{775FA044-832D-4031-8ABD-2BC6137ADC6E}.Release|Any CPU.ActiveCfg = Release|Any CPU
		{775FA044-832D-4031-8ABD-2BC6137ADC6E}.Release|Any CPU.Build.0 = Release|Any CPU
		{775FA044-832D-4031-8ABD-2BC6137ADC6E}.Release|iPhone.ActiveCfg = Release|Any CPU
		{775FA044-832D-4031-8ABD-2BC6137ADC6E}.Release|iPhone.Build.0 = Release|Any CPU
		{775FA044-832D-4031-8ABD-2BC6137ADC6E}.Release|iPhoneSimulator.ActiveCfg = Release|Any CPU
		{775FA044-832D-4031-8ABD-2BC6137ADC6E}.Release|iPhoneSimulator.Build.0 = Release|Any CPU
		{775FA044-832D-4031-8ABD-2BC6137ADC6E}.UITest|Any CPU.ActiveCfg = Debug|Any CPU
		{775FA044-832D-4031-8ABD-2BC6137ADC6E}.UITest|Any CPU.Build.0 = Debug|Any CPU
		{775FA044-832D-4031-8ABD-2BC6137ADC6E}.UITest|iPhone.ActiveCfg = Debug|Any CPU
		{775FA044-832D-4031-8ABD-2BC6137ADC6E}.UITest|iPhone.Build.0 = Debug|Any CPU
		{775FA044-832D-4031-8ABD-2BC6137ADC6E}.UITest|iPhoneSimulator.ActiveCfg = Debug|Any CPU
		{775FA044-832D-4031-8ABD-2BC6137ADC6E}.UITest|iPhoneSimulator.Build.0 = Debug|Any CPU
		{7D4B4F73-368F-49AE-803D-C053B9DD3C7C}.Ad-Hoc|Any CPU.ActiveCfg = Release|Any CPU
		{7D4B4F73-368F-49AE-803D-C053B9DD3C7C}.Ad-Hoc|Any CPU.Build.0 = Release|Any CPU
		{7D4B4F73-368F-49AE-803D-C053B9DD3C7C}.Ad-Hoc|Any CPU.Deploy.0 = Release|Any CPU
		{7D4B4F73-368F-49AE-803D-C053B9DD3C7C}.Ad-Hoc|iPhone.ActiveCfg = Release|Any CPU
		{7D4B4F73-368F-49AE-803D-C053B9DD3C7C}.Ad-Hoc|iPhone.Build.0 = Release|Any CPU
		{7D4B4F73-368F-49AE-803D-C053B9DD3C7C}.Ad-Hoc|iPhone.Deploy.0 = Release|Any CPU
		{7D4B4F73-368F-49AE-803D-C053B9DD3C7C}.Ad-Hoc|iPhoneSimulator.ActiveCfg = Release|Any CPU
		{7D4B4F73-368F-49AE-803D-C053B9DD3C7C}.Ad-Hoc|iPhoneSimulator.Build.0 = Release|Any CPU
		{7D4B4F73-368F-49AE-803D-C053B9DD3C7C}.Ad-Hoc|iPhoneSimulator.Deploy.0 = Release|Any CPU
		{7D4B4F73-368F-49AE-803D-C053B9DD3C7C}.AppStore|Any CPU.ActiveCfg = Release|Any CPU
		{7D4B4F73-368F-49AE-803D-C053B9DD3C7C}.AppStore|Any CPU.Build.0 = Release|Any CPU
		{7D4B4F73-368F-49AE-803D-C053B9DD3C7C}.AppStore|Any CPU.Deploy.0 = Release|Any CPU
		{7D4B4F73-368F-49AE-803D-C053B9DD3C7C}.AppStore|iPhone.ActiveCfg = Release|Any CPU
		{7D4B4F73-368F-49AE-803D-C053B9DD3C7C}.AppStore|iPhone.Build.0 = Release|Any CPU
		{7D4B4F73-368F-49AE-803D-C053B9DD3C7C}.AppStore|iPhone.Deploy.0 = Release|Any CPU
		{7D4B4F73-368F-49AE-803D-C053B9DD3C7C}.AppStore|iPhoneSimulator.ActiveCfg = Release|Any CPU
		{7D4B4F73-368F-49AE-803D-C053B9DD3C7C}.AppStore|iPhoneSimulator.Build.0 = Release|Any CPU
		{7D4B4F73-368F-49AE-803D-C053B9DD3C7C}.AppStore|iPhoneSimulator.Deploy.0 = Release|Any CPU
		{7D4B4F73-368F-49AE-803D-C053B9DD3C7C}.Debug|Any CPU.ActiveCfg = Debug|Any CPU
		{7D4B4F73-368F-49AE-803D-C053B9DD3C7C}.Debug|Any CPU.Build.0 = Debug|Any CPU
		{7D4B4F73-368F-49AE-803D-C053B9DD3C7C}.Debug|Any CPU.Deploy.0 = Debug|Any CPU
		{7D4B4F73-368F-49AE-803D-C053B9DD3C7C}.Debug|iPhone.ActiveCfg = Debug|Any CPU
		{7D4B4F73-368F-49AE-803D-C053B9DD3C7C}.Debug|iPhone.Build.0 = Debug|Any CPU
		{7D4B4F73-368F-49AE-803D-C053B9DD3C7C}.Debug|iPhone.Deploy.0 = Debug|Any CPU
		{7D4B4F73-368F-49AE-803D-C053B9DD3C7C}.Debug|iPhoneSimulator.ActiveCfg = Debug|Any CPU
		{7D4B4F73-368F-49AE-803D-C053B9DD3C7C}.Debug|iPhoneSimulator.Build.0 = Debug|Any CPU
		{7D4B4F73-368F-49AE-803D-C053B9DD3C7C}.Debug|iPhoneSimulator.Deploy.0 = Debug|Any CPU
		{7D4B4F73-368F-49AE-803D-C053B9DD3C7C}.Release|Any CPU.ActiveCfg = Release|Any CPU
		{7D4B4F73-368F-49AE-803D-C053B9DD3C7C}.Release|Any CPU.Build.0 = Release|Any CPU
		{7D4B4F73-368F-49AE-803D-C053B9DD3C7C}.Release|Any CPU.Deploy.0 = Release|Any CPU
		{7D4B4F73-368F-49AE-803D-C053B9DD3C7C}.Release|iPhone.ActiveCfg = Release|Any CPU
		{7D4B4F73-368F-49AE-803D-C053B9DD3C7C}.Release|iPhone.Build.0 = Release|Any CPU
		{7D4B4F73-368F-49AE-803D-C053B9DD3C7C}.Release|iPhone.Deploy.0 = Release|Any CPU
		{7D4B4F73-368F-49AE-803D-C053B9DD3C7C}.Release|iPhoneSimulator.ActiveCfg = Release|Any CPU
		{7D4B4F73-368F-49AE-803D-C053B9DD3C7C}.Release|iPhoneSimulator.Build.0 = Release|Any CPU
		{7D4B4F73-368F-49AE-803D-C053B9DD3C7C}.Release|iPhoneSimulator.Deploy.0 = Release|Any CPU
		{7D4B4F73-368F-49AE-803D-C053B9DD3C7C}.UITest|Any CPU.ActiveCfg = Debug|Any CPU
		{7D4B4F73-368F-49AE-803D-C053B9DD3C7C}.UITest|Any CPU.Build.0 = Debug|Any CPU
		{7D4B4F73-368F-49AE-803D-C053B9DD3C7C}.UITest|Any CPU.Deploy.0 = Debug|Any CPU
		{7D4B4F73-368F-49AE-803D-C053B9DD3C7C}.UITest|iPhone.ActiveCfg = Debug|Any CPU
		{7D4B4F73-368F-49AE-803D-C053B9DD3C7C}.UITest|iPhone.Build.0 = Debug|Any CPU
		{7D4B4F73-368F-49AE-803D-C053B9DD3C7C}.UITest|iPhone.Deploy.0 = Debug|Any CPU
		{7D4B4F73-368F-49AE-803D-C053B9DD3C7C}.UITest|iPhoneSimulator.ActiveCfg = Debug|Any CPU
		{7D4B4F73-368F-49AE-803D-C053B9DD3C7C}.UITest|iPhoneSimulator.Build.0 = Debug|Any CPU
		{7D4B4F73-368F-49AE-803D-C053B9DD3C7C}.UITest|iPhoneSimulator.Deploy.0 = Debug|Any CPU
		{93C63DF4-A715-452D-8FBB-66587374E592}.Ad-Hoc|Any CPU.ActiveCfg = Ad-Hoc|iPhone
		{93C63DF4-A715-452D-8FBB-66587374E592}.Ad-Hoc|iPhone.ActiveCfg = Ad-Hoc|iPhone
		{93C63DF4-A715-452D-8FBB-66587374E592}.Ad-Hoc|iPhone.Build.0 = Ad-Hoc|iPhone
		{93C63DF4-A715-452D-8FBB-66587374E592}.Ad-Hoc|iPhoneSimulator.ActiveCfg = Ad-Hoc|iPhoneSimulator
		{93C63DF4-A715-452D-8FBB-66587374E592}.Ad-Hoc|iPhoneSimulator.Build.0 = Ad-Hoc|iPhoneSimulator
		{93C63DF4-A715-452D-8FBB-66587374E592}.AppStore|Any CPU.ActiveCfg = AppStore|iPhone
		{93C63DF4-A715-452D-8FBB-66587374E592}.AppStore|iPhone.ActiveCfg = AppStore|iPhone
		{93C63DF4-A715-452D-8FBB-66587374E592}.AppStore|iPhone.Build.0 = AppStore|iPhone
		{93C63DF4-A715-452D-8FBB-66587374E592}.AppStore|iPhoneSimulator.ActiveCfg = AppStore|iPhoneSimulator
		{93C63DF4-A715-452D-8FBB-66587374E592}.AppStore|iPhoneSimulator.Build.0 = AppStore|iPhoneSimulator
		{93C63DF4-A715-452D-8FBB-66587374E592}.Debug|Any CPU.ActiveCfg = Debug|iPhone
		{93C63DF4-A715-452D-8FBB-66587374E592}.Debug|iPhone.ActiveCfg = Debug|iPhone
		{93C63DF4-A715-452D-8FBB-66587374E592}.Debug|iPhone.Build.0 = Debug|iPhone
		{93C63DF4-A715-452D-8FBB-66587374E592}.Debug|iPhoneSimulator.ActiveCfg = Debug|iPhoneSimulator
		{93C63DF4-A715-452D-8FBB-66587374E592}.Debug|iPhoneSimulator.Build.0 = Debug|iPhoneSimulator
		{93C63DF4-A715-452D-8FBB-66587374E592}.Release|Any CPU.ActiveCfg = Release|iPhone
		{93C63DF4-A715-452D-8FBB-66587374E592}.Release|iPhone.ActiveCfg = Release|iPhone
		{93C63DF4-A715-452D-8FBB-66587374E592}.Release|iPhone.Build.0 = Release|iPhone
		{93C63DF4-A715-452D-8FBB-66587374E592}.Release|iPhoneSimulator.ActiveCfg = Release|iPhoneSimulator
		{93C63DF4-A715-452D-8FBB-66587374E592}.Release|iPhoneSimulator.Build.0 = Release|iPhoneSimulator
		{93C63DF4-A715-452D-8FBB-66587374E592}.UITest|Any CPU.ActiveCfg = Release|iPhoneSimulator
		{93C63DF4-A715-452D-8FBB-66587374E592}.UITest|Any CPU.Build.0 = Release|iPhoneSimulator
		{93C63DF4-A715-452D-8FBB-66587374E592}.UITest|iPhone.ActiveCfg = Release|iPhone
		{93C63DF4-A715-452D-8FBB-66587374E592}.UITest|iPhone.Build.0 = Release|iPhone
		{93C63DF4-A715-452D-8FBB-66587374E592}.UITest|iPhoneSimulator.ActiveCfg = Release|iPhoneSimulator
		{93C63DF4-A715-452D-8FBB-66587374E592}.UITest|iPhoneSimulator.Build.0 = Release|iPhoneSimulator
		{5087B261-9D0F-457D-AD9E-B018248F1B16}.Ad-Hoc|Any CPU.ActiveCfg = UITest|Any CPU
		{5087B261-9D0F-457D-AD9E-B018248F1B16}.Ad-Hoc|Any CPU.Build.0 = UITest|Any CPU
		{5087B261-9D0F-457D-AD9E-B018248F1B16}.Ad-Hoc|iPhone.ActiveCfg = UITest|iPhone
		{5087B261-9D0F-457D-AD9E-B018248F1B16}.Ad-Hoc|iPhone.Build.0 = UITest|iPhone
		{5087B261-9D0F-457D-AD9E-B018248F1B16}.Ad-Hoc|iPhoneSimulator.ActiveCfg = UITest|Any CPU
		{5087B261-9D0F-457D-AD9E-B018248F1B16}.Ad-Hoc|iPhoneSimulator.Build.0 = UITest|Any CPU
		{5087B261-9D0F-457D-AD9E-B018248F1B16}.AppStore|Any CPU.ActiveCfg = UITest|Any CPU
		{5087B261-9D0F-457D-AD9E-B018248F1B16}.AppStore|Any CPU.Build.0 = UITest|Any CPU
		{5087B261-9D0F-457D-AD9E-B018248F1B16}.AppStore|iPhone.ActiveCfg = UITest|iPhone
		{5087B261-9D0F-457D-AD9E-B018248F1B16}.AppStore|iPhone.Build.0 = UITest|iPhone
		{5087B261-9D0F-457D-AD9E-B018248F1B16}.AppStore|iPhoneSimulator.ActiveCfg = UITest|Any CPU
		{5087B261-9D0F-457D-AD9E-B018248F1B16}.AppStore|iPhoneSimulator.Build.0 = UITest|Any CPU
		{5087B261-9D0F-457D-AD9E-B018248F1B16}.Debug|Any CPU.ActiveCfg = Debug|Any CPU
		{5087B261-9D0F-457D-AD9E-B018248F1B16}.Debug|Any CPU.Build.0 = Debug|Any CPU
		{5087B261-9D0F-457D-AD9E-B018248F1B16}.Debug|iPhone.ActiveCfg = Debug|iPhone
		{5087B261-9D0F-457D-AD9E-B018248F1B16}.Debug|iPhone.Build.0 = Debug|iPhone
		{5087B261-9D0F-457D-AD9E-B018248F1B16}.Debug|iPhoneSimulator.ActiveCfg = Debug|Any CPU
		{5087B261-9D0F-457D-AD9E-B018248F1B16}.Debug|iPhoneSimulator.Build.0 = Debug|Any CPU
		{5087B261-9D0F-457D-AD9E-B018248F1B16}.Release|Any CPU.ActiveCfg = Release|Any CPU
		{5087B261-9D0F-457D-AD9E-B018248F1B16}.Release|Any CPU.Build.0 = Release|Any CPU
		{5087B261-9D0F-457D-AD9E-B018248F1B16}.Release|iPhone.ActiveCfg = Release|iPhone
		{5087B261-9D0F-457D-AD9E-B018248F1B16}.Release|iPhone.Build.0 = Release|iPhone
		{5087B261-9D0F-457D-AD9E-B018248F1B16}.Release|iPhoneSimulator.ActiveCfg = Release|Any CPU
		{5087B261-9D0F-457D-AD9E-B018248F1B16}.Release|iPhoneSimulator.Build.0 = Release|Any CPU
		{5087B261-9D0F-457D-AD9E-B018248F1B16}.UITest|Any CPU.ActiveCfg = UITest|Any CPU
		{5087B261-9D0F-457D-AD9E-B018248F1B16}.UITest|Any CPU.Build.0 = UITest|Any CPU
		{5087B261-9D0F-457D-AD9E-B018248F1B16}.UITest|iPhone.ActiveCfg = UITest|iPhone
		{5087B261-9D0F-457D-AD9E-B018248F1B16}.UITest|iPhone.Build.0 = UITest|iPhone
		{5087B261-9D0F-457D-AD9E-B018248F1B16}.UITest|iPhoneSimulator.ActiveCfg = UITest|Any CPU
		{5087B261-9D0F-457D-AD9E-B018248F1B16}.UITest|iPhoneSimulator.Build.0 = UITest|Any CPU
		{4DF18ED7-0E19-4866-8D9B-B1CB5C86A366}.Ad-Hoc|Any CPU.ActiveCfg = UITest|Any CPU
		{4DF18ED7-0E19-4866-8D9B-B1CB5C86A366}.Ad-Hoc|Any CPU.Build.0 = UITest|Any CPU
		{4DF18ED7-0E19-4866-8D9B-B1CB5C86A366}.Ad-Hoc|iPhone.ActiveCfg = UITest|iPhone
		{4DF18ED7-0E19-4866-8D9B-B1CB5C86A366}.Ad-Hoc|iPhone.Build.0 = UITest|iPhone
		{4DF18ED7-0E19-4866-8D9B-B1CB5C86A366}.Ad-Hoc|iPhoneSimulator.ActiveCfg = UITest|Any CPU
		{4DF18ED7-0E19-4866-8D9B-B1CB5C86A366}.Ad-Hoc|iPhoneSimulator.Build.0 = UITest|Any CPU
		{4DF18ED7-0E19-4866-8D9B-B1CB5C86A366}.AppStore|Any CPU.ActiveCfg = UITest|Any CPU
		{4DF18ED7-0E19-4866-8D9B-B1CB5C86A366}.AppStore|Any CPU.Build.0 = UITest|Any CPU
		{4DF18ED7-0E19-4866-8D9B-B1CB5C86A366}.AppStore|iPhone.ActiveCfg = UITest|iPhone
		{4DF18ED7-0E19-4866-8D9B-B1CB5C86A366}.AppStore|iPhone.Build.0 = UITest|iPhone
		{4DF18ED7-0E19-4866-8D9B-B1CB5C86A366}.AppStore|iPhoneSimulator.ActiveCfg = UITest|Any CPU
		{4DF18ED7-0E19-4866-8D9B-B1CB5C86A366}.AppStore|iPhoneSimulator.Build.0 = UITest|Any CPU
		{4DF18ED7-0E19-4866-8D9B-B1CB5C86A366}.Debug|Any CPU.ActiveCfg = Debug|Any CPU
		{4DF18ED7-0E19-4866-8D9B-B1CB5C86A366}.Debug|Any CPU.Build.0 = Debug|Any CPU
		{4DF18ED7-0E19-4866-8D9B-B1CB5C86A366}.Debug|iPhone.ActiveCfg = Debug|iPhone
		{4DF18ED7-0E19-4866-8D9B-B1CB5C86A366}.Debug|iPhone.Build.0 = Debug|iPhone
		{4DF18ED7-0E19-4866-8D9B-B1CB5C86A366}.Debug|iPhoneSimulator.ActiveCfg = Debug|Any CPU
		{4DF18ED7-0E19-4866-8D9B-B1CB5C86A366}.Debug|iPhoneSimulator.Build.0 = Debug|Any CPU
		{4DF18ED7-0E19-4866-8D9B-B1CB5C86A366}.Release|Any CPU.ActiveCfg = Release|Any CPU
		{4DF18ED7-0E19-4866-8D9B-B1CB5C86A366}.Release|Any CPU.Build.0 = Release|Any CPU
		{4DF18ED7-0E19-4866-8D9B-B1CB5C86A366}.Release|iPhone.ActiveCfg = Release|iPhone
		{4DF18ED7-0E19-4866-8D9B-B1CB5C86A366}.Release|iPhone.Build.0 = Release|iPhone
		{4DF18ED7-0E19-4866-8D9B-B1CB5C86A366}.Release|iPhoneSimulator.ActiveCfg = Release|Any CPU
		{4DF18ED7-0E19-4866-8D9B-B1CB5C86A366}.Release|iPhoneSimulator.Build.0 = Release|Any CPU
		{4DF18ED7-0E19-4866-8D9B-B1CB5C86A366}.UITest|Any CPU.ActiveCfg = UITest|Any CPU
		{4DF18ED7-0E19-4866-8D9B-B1CB5C86A366}.UITest|Any CPU.Build.0 = UITest|Any CPU
		{4DF18ED7-0E19-4866-8D9B-B1CB5C86A366}.UITest|iPhone.ActiveCfg = UITest|iPhone
		{4DF18ED7-0E19-4866-8D9B-B1CB5C86A366}.UITest|iPhone.Build.0 = UITest|iPhone
		{4DF18ED7-0E19-4866-8D9B-B1CB5C86A366}.UITest|iPhoneSimulator.ActiveCfg = UITest|Any CPU
		{4DF18ED7-0E19-4866-8D9B-B1CB5C86A366}.UITest|iPhoneSimulator.Build.0 = UITest|Any CPU
		{50542AC8-CD37-4E51-B946-B85049D6EC11}.Ad-Hoc|Any CPU.ActiveCfg = UITest|Any CPU
		{50542AC8-CD37-4E51-B946-B85049D6EC11}.Ad-Hoc|Any CPU.Build.0 = UITest|Any CPU
		{50542AC8-CD37-4E51-B946-B85049D6EC11}.Ad-Hoc|iPhone.ActiveCfg = UITest|iPhone
		{50542AC8-CD37-4E51-B946-B85049D6EC11}.Ad-Hoc|iPhone.Build.0 = UITest|iPhone
		{50542AC8-CD37-4E51-B946-B85049D6EC11}.Ad-Hoc|iPhoneSimulator.ActiveCfg = UITest|Any CPU
		{50542AC8-CD37-4E51-B946-B85049D6EC11}.Ad-Hoc|iPhoneSimulator.Build.0 = UITest|Any CPU
		{50542AC8-CD37-4E51-B946-B85049D6EC11}.AppStore|Any CPU.ActiveCfg = UITest|Any CPU
		{50542AC8-CD37-4E51-B946-B85049D6EC11}.AppStore|Any CPU.Build.0 = UITest|Any CPU
		{50542AC8-CD37-4E51-B946-B85049D6EC11}.AppStore|iPhone.ActiveCfg = UITest|iPhone
		{50542AC8-CD37-4E51-B946-B85049D6EC11}.AppStore|iPhone.Build.0 = UITest|iPhone
		{50542AC8-CD37-4E51-B946-B85049D6EC11}.AppStore|iPhoneSimulator.ActiveCfg = UITest|Any CPU
		{50542AC8-CD37-4E51-B946-B85049D6EC11}.AppStore|iPhoneSimulator.Build.0 = UITest|Any CPU
		{50542AC8-CD37-4E51-B946-B85049D6EC11}.Debug|Any CPU.ActiveCfg = Debug|Any CPU
		{50542AC8-CD37-4E51-B946-B85049D6EC11}.Debug|Any CPU.Build.0 = Debug|Any CPU
		{50542AC8-CD37-4E51-B946-B85049D6EC11}.Debug|iPhone.ActiveCfg = Debug|iPhone
		{50542AC8-CD37-4E51-B946-B85049D6EC11}.Debug|iPhone.Build.0 = Debug|iPhone
		{50542AC8-CD37-4E51-B946-B85049D6EC11}.Debug|iPhoneSimulator.ActiveCfg = Debug|Any CPU
		{50542AC8-CD37-4E51-B946-B85049D6EC11}.Debug|iPhoneSimulator.Build.0 = Debug|Any CPU
		{50542AC8-CD37-4E51-B946-B85049D6EC11}.Release|Any CPU.ActiveCfg = Release|Any CPU
		{50542AC8-CD37-4E51-B946-B85049D6EC11}.Release|Any CPU.Build.0 = Release|Any CPU
		{50542AC8-CD37-4E51-B946-B85049D6EC11}.Release|iPhone.ActiveCfg = Release|iPhone
		{50542AC8-CD37-4E51-B946-B85049D6EC11}.Release|iPhone.Build.0 = Release|iPhone
		{50542AC8-CD37-4E51-B946-B85049D6EC11}.Release|iPhoneSimulator.ActiveCfg = Release|Any CPU
		{50542AC8-CD37-4E51-B946-B85049D6EC11}.Release|iPhoneSimulator.Build.0 = Release|Any CPU
		{50542AC8-CD37-4E51-B946-B85049D6EC11}.UITest|Any CPU.ActiveCfg = UITest|Any CPU
		{50542AC8-CD37-4E51-B946-B85049D6EC11}.UITest|Any CPU.Build.0 = UITest|Any CPU
		{50542AC8-CD37-4E51-B946-B85049D6EC11}.UITest|iPhone.ActiveCfg = UITest|iPhone
		{50542AC8-CD37-4E51-B946-B85049D6EC11}.UITest|iPhone.Build.0 = UITest|iPhone
		{50542AC8-CD37-4E51-B946-B85049D6EC11}.UITest|iPhoneSimulator.ActiveCfg = UITest|Any CPU
		{50542AC8-CD37-4E51-B946-B85049D6EC11}.UITest|iPhoneSimulator.Build.0 = UITest|Any CPU
	EndGlobalSection
	GlobalSection(SolutionProperties) = preSolution
		HideSolutionNode = FALSE
	EndGlobalSection
	GlobalSection(NestedProjects) = preSolution
		{7BAEDD91-7375-4D1A-97AA-B21F1B741DDE} = {936315DA-6C3F-48E0-A8C0-8D1DFF3468B9}
		{67F9D3A8-F71E-4428-913F-C37AE82CDB24} = {A283E985-90DF-4EC5-A648-36BDD12FBAB7}
		{528A80BE-3481-4E86-BB7D-85977E6435CC} = {A283E985-90DF-4EC5-A648-36BDD12FBAB7}
		{775FA044-832D-4031-8ABD-2BC6137ADC6E} = {A283E985-90DF-4EC5-A648-36BDD12FBAB7}
		{7D4B4F73-368F-49AE-803D-C053B9DD3C7C} = {B7BD1861-1A1D-4CDE-9B84-90FB49E7E9D3}
		{93C63DF4-A715-452D-8FBB-66587374E592} = {B7BD1861-1A1D-4CDE-9B84-90FB49E7E9D3}
		{5087B261-9D0F-457D-AD9E-B018248F1B16} = {936315DA-6C3F-48E0-A8C0-8D1DFF3468B9}
		{4DF18ED7-0E19-4866-8D9B-B1CB5C86A366} = {936315DA-6C3F-48E0-A8C0-8D1DFF3468B9}
		{50542AC8-CD37-4E51-B946-B85049D6EC11} = {936315DA-6C3F-48E0-A8C0-8D1DFF3468B9}
	EndGlobalSection
	GlobalSection(TeamFoundationVersionControl) = preSolution
		SccNumberOfProjects = 11
		SccEnterpriseProvider = {4CA58AB2-18FA-4F8D-95D4-32DDF27D184C}
		SccTeamFoundationServer = https://drdev-development.visualstudio.com/
		SccLocalPath0 = .
		SccProjectUniqueName1 = FavMovies.Android\\FavMovies.Android.csproj
		SccProjectTopLevelParentUniqueName1 = FavMovies.sln
		SccProjectName1 = FavMovies.Android
		SccLocalPath1 = FavMovies.Android
		SccProjectUniqueName2 = FavMovies.Clients.Portable\\FavMovies.Clients.Portable.csproj
		SccProjectTopLevelParentUniqueName2 = FavMovies.sln
		SccProjectName2 = FavMovies.Clients.Portable
		SccLocalPath2 = FavMovies.Clients.Portable
		SccProjectUniqueName3 = FavMovies.Clients.UI\\FavMovies.Clients.UI.csproj
		SccProjectTopLevelParentUniqueName3 = FavMovies.sln
		SccProjectName3 = FavMovies.Clients.UI
		SccLocalPath3 = FavMovies.Clients.UI
		SccProjectUniqueName4 = FavMovies.DataObjects\\FavMovies.DataObjects.projitems
		SccProjectTopLevelParentUniqueName4 = FavMovies.sln
		SccProjectName4 = FavMovies.DataObjects
		SccLocalPath4 = FavMovies.DataObjects
		SccProjectUniqueName5 = FavMovies.DataObjects\\FavMovies.DataObjects.shproj
		SccProjectTopLevelParentUniqueName5 = FavMovies.sln
		SccProjectName5 = FavMovies.DataObjects
		SccLocalPath5 = FavMovies.DataObjects
		SccProjectUniqueName6 = FavMovies.iOS\\FavMovies.iOS.csproj
		SccProjectTopLevelParentUniqueName6 = FavMovies.sln
		SccProjectName6 = FavMovies.iOS
		SccLocalPath6 = FavMovies.iOS
		SccProjectUniqueName7 = FavMovies.Utilities\\FavMovies.Utilities.csproj
		SccProjectTopLevelParentUniqueName7 = FavMovies.sln
		SccProjectName7 = FavMovies.Utilities
		SccLocalPath7 = FavMovies.Utilities
		SccProjectUniqueName8 = FavMovies.DataStore.Cloud\\FavMovies.DataStore.Cloud.csproj
		SccProjectTopLevelParentUniqueName8 = FavMovies.sln
		SccProjectName8 = FavMovies.DataStore.Cloud
		SccLocalPath8 = FavMovies.DataStore.Cloud
		SccProjectUniqueName9 = FavMovies.DataStore.Mock\\FavMovies.DataStore.Mock.csproj
		SccProjectTopLevelParentUniqueName9 = FavMovies.sln
		SccProjectName9 = FavMovies.DataStore.Mock
		SccLocalPath9 = FavMovies.DataStore.Mock
		SccProjectUniqueName10 = FavMovies.DataStore.Abstractions\\FavMovies.DataStore.Abstractions.csproj
		SccProjectTopLevelParentUniqueName10 = FavMovies.sln
		SccProjectName10 = FavMovies.DataStore.Abstractions
		SccLocalPath10 = FavMovies.DataStore.Abstractions
	EndGlobalSection
EndGlobal
